
Microsoft Visual Studio Solution File, Format Version 12.00
# Visual Studio Version 17
VisualStudioVersion = 17.11.35222.181
MinimumVisualStudioVersion = 10.0.40219.1
Project("{FAE04EC0-301F-11D3-BF4B-00C04F79EFBC}") = "Backend", "Backend.csproj", "{CAB378C1-6E1C-4BFF-80D0-86DC44D0316E}"
EndProject
Global
	GlobalSection(SolutionConfigurationPlatforms) = preSolution
		Debug|Any CPU = Debug|Any CPU
		Release|Any CPU = Release|Any CPU
	EndGlobalSection
	GlobalSection(ProjectConfigurationPlatforms) = postSolution
		{CAB378C1-6E1C-4BFF-80D0-86DC44D0316E}.Debug|Any CPU.ActiveCfg = Debug|Any CPU
		{CAB378C1-6E1C-4BFF-80D0-86DC44D0316E}.Debug|Any CPU.Build.0 = Debug|Any CPU
		{CAB378C1-6E1C-4BFF-80D0-86DC44D0316E}.Release|Any CPU.ActiveCfg = Release|Any CPU
		{CAB378C1-6E1C-4BFF-80D0-86DC44D0316E}.Release|Any CPU.Build.0 = Release|Any CPU
	EndGlobalSection
	GlobalSection(SolutionProperties) = preSolution
		HideSolutionNode = FALSE
	EndGlobalSection
	GlobalSection(ExtensibilityGlobals) = postSolution
		SolutionGuid = {CC6CA067-77E1-4FCF-A713-A5B2CAFC4E78}
	EndGlobalSection
EndGlobal
